
Microsoft Visual Studio Solution File, Format Version 12.00
# Visual Studio Version 17
VisualStudioVersion = 17.9.34902.65
MinimumVisualStudioVersion = 10.0.40219.1
Project("{FAE04EC0-301F-11D3-BF4B-00C04F79EFBC}") = "verify-directories", "verify-directories.csproj", "{1B76C291-D4D5-45DF-9C40-5853C17A9F6F}"
EndProject
Global
	GlobalSection(SolutionConfigurationPlatforms) = preSolution
		Debug|Any CPU = Debug|Any CPU
		Release|Any CPU = Release|Any CPU
	EndGlobalSection
	GlobalSection(ProjectConfigurationPlatforms) = postSolution
		{1B76C291-D4D5-45DF-9C40-5853C17A9F6F}.Debug|Any CPU.ActiveCfg = Debug|Any CPU
		{1B76C291-D4D5-45DF-9C40-5853C17A9F6F}.Debug|Any CPU.Build.0 = Debug|Any CPU
		{1B76C291-D4D5-45DF-9C40-5853C17A9F6F}.Release|Any CPU.ActiveCfg = Release|Any CPU
		{1B76C291-D4D5-45DF-9C40-5853C17A9F6F}.Release|Any CPU.Build.0 = Release|Any CPU
	EndGlobalSection
	GlobalSection(SolutionProperties) = preSolution
		HideSolutionNode = FALSE
	EndGlobalSection
	GlobalSection(ExtensibilityGlobals) = postSolution
		SolutionGuid = {AE7A2692-6AD4-4D19-8C3D-6A584963EDC4}
	EndGlobalSection
EndGlobal
